
Microsoft Visual Studio Solution File, Format Version 12.00
# Visual Studio Version 16
VisualStudioVersion = 16.0.29911.84
MinimumVisualStudioVersion = 10.0.40219.1
Project("{9A19103F-16F7-4668-BE54-9A1E7A4F7556}") = "AddressBookWebApp", "AddressBookWebApp.csproj", "{A4CF9B2E-85D3-4043-9A67-F5FA661D9829}"
EndProject
Project("{00D1A9C2-B5F0-4AF3-8072-F6C62B433612}") = "AddressBookDB", "..\AddressBookDB\AddressBookDB.sqlproj", "{C835FD3D-32C2-4994-8DA1-2255B37ADD37}"
EndProject
Project("{9A19103F-16F7-4668-BE54-9A1E7A4F7556}") = "AddressBookLibrary", "..\AddressBookLibrary\AddressBookLibrary.csproj", "{AAE63CEA-4A05-4DFC-9029-EC40CE987B71}"
EndProject
Global
	GlobalSection(SolutionConfigurationPlatforms) = preSolution
		Debug|Any CPU = Debug|Any CPU
		Release|Any CPU = Release|Any CPU
	EndGlobalSection
	GlobalSection(ProjectConfigurationPlatforms) = postSolution
		{A4CF9B2E-85D3-4043-9A67-F5FA661D9829}.Debug|Any CPU.ActiveCfg = Debug|Any CPU
		{A4CF9B2E-85D3-4043-9A67-F5FA661D9829}.Debug|Any CPU.Build.0 = Debug|Any CPU
		{A4CF9B2E-85D3-4043-9A67-F5FA661D9829}.Release|Any CPU.ActiveCfg = Release|Any CPU
		{A4CF9B2E-85D3-4043-9A67-F5FA661D9829}.Release|Any CPU.Build.0 = Release|Any CPU
		{C835FD3D-32C2-4994-8DA1-2255B37ADD37}.Debug|Any CPU.ActiveCfg = Debug|Any CPU
		{C835FD3D-32C2-4994-8DA1-2255B37ADD37}.Debug|Any CPU.Build.0 = Debug|Any CPU
		{C835FD3D-32C2-4994-8DA1-2255B37ADD37}.Debug|Any CPU.Deploy.0 = Debug|Any CPU
		{C835FD3D-32C2-4994-8DA1-2255B37ADD37}.Release|Any CPU.ActiveCfg = Release|Any CPU
		{C835FD3D-32C2-4994-8DA1-2255B37ADD37}.Release|Any CPU.Build.0 = Release|Any CPU
		{C835FD3D-32C2-4994-8DA1-2255B37ADD37}.Release|Any CPU.Deploy.0 = Release|Any CPU
		{AAE63CEA-4A05-4DFC-9029-EC40CE987B71}.Debug|Any CPU.ActiveCfg = Debug|Any CPU
		{AAE63CEA-4A05-4DFC-9029-EC40CE987B71}.Debug|Any CPU.Build.0 = Debug|Any CPU
		{AAE63CEA-4A05-4DFC-9029-EC40CE987B71}.Release|Any CPU.ActiveCfg = Release|Any CPU
		{AAE63CEA-4A05-4DFC-9029-EC40CE987B71}.Release|Any CPU.Build.0 = Release|Any CPU
	EndGlobalSection
	GlobalSection(SolutionProperties) = preSolution
		HideSolutionNode = FALSE
	EndGlobalSection
	GlobalSection(ExtensibilityGlobals) = postSolution
		SolutionGuid = {0FAC3DBE-73DD-44BE-8AE2-117B43C45D90}
	EndGlobalSection
EndGlobal
